git.sr.ht/~rumpelsepp/helpers v0.0.0-20200306122308-771c4d7a22b7 h1:VKLfhqRyMLd1cUCvygZlE9unlGhyJsde9FrmC2KCtkY=
git.sr.ht/~rumpelsepp/helpers v0.0.0-20200306122308-771c4d7a22b7/go.mod h1:EMscOBM5TAQTKT4DBwfS12bTf+sh6y52+BPlxVAz63o=
git.sr.ht/~rumpelsepp/helpers v0.0.0-20200507092224-e0e45f175561 h1:iriVJRViPWUNn8uzDalBk2A4Y8Vn+6/OvQ1/wy9HiFY=
git.sr.ht/~rumpelsepp/helpers v0.0.0-20200507092224-e0e45f175561/go.mod h1:+72F/Hnny3Vsdm3R99JyhBilOrA6uecji8X5BXR7ajY=
git.sr.ht/~rumpelsepp/helpers v0.0.0-20200603092348-de954e3a9250 h1:+J1sWqQaWf65HW6iqsr6pS0i3alrAlYus+b4fJ+17Hs=
git.sr.ht/~rumpelsepp/helpers v0.0.0-20200603092348-de954e3a9250/go.mod h1:+72F/Hnny3Vsdm3R99JyhBilOrA6uecji8X5BXR7ajY=
git.sr.ht/~rumpelsepp/helpers v0.0.0-20200624161822-20ffd23b9f36 h1:W5o5LUxSf3v5p6PbhzTG75acGgTgewhc/jeANPjIRD4=
git.sr.ht/~rumpelsepp/helpers v0.0.0-20200624161822-20ffd23b9f36/go.mod h1:Xu4ywdHjvI4npqLSosaHH2dDBueUBrd23XgeQLxWPLA=
git.sr.ht/~rumpelsepp/rlog v0.0.0-20191119152513-6f7f3bf18e94 h1:FKy0DPi9zrwZTUrVEUTxoUkYwTs7sMZm1AqCQOHPKv4=
git.sr.ht/~rumpelsepp/rlog v0.0.0-20191119152513-6f7f3bf18e94/go.mod h1:dTKOP6rz9IOsggmuZbP6esFd1uDekwhxb7DXaEdSuSw=
git.sr.ht/~rumpelsepp/socks5 v0.0.0-20200424080410-6d9487161e8f h1:6x47jW0T2mAIz6XYWrrdu9BR8zVuWJzPzDCKTcYlkEA=
git.sr.ht/~rumpelsepp/socks5 v0.0.0-20200424080410-6d9487161e8f/go.mod h1:hgGGxiExe8Zm6I3pnE37zvq55gdU+b34E6eJXJlFhhY=
git.sr.ht/~rumpelsepp/socks5 v0.0.0-20200624144959-822cedc392bc h1:UWuFsnyDQOaxrw4Qui+PrgwqHPLJ0o4SpgQ1CDLogfY=
git.sr.ht/~rumpelsepp/socks5 v0.0.0-20200624144959-822cedc392bc/go.mod h1:Fk+Gwhq/iBs8vQE6EpMn+q8nFUAoVavbwBtJb3QJjuo=
git.sr.ht/~sircmpwn/getopt v0.0.0-20191230200459-23622cc906b3 h1:4wDp4BKF7NQqoh73VXpZsB/t1OEhDpz/zEpmdQfbjDk=
git.sr.ht/~sircmpwn/getopt v0.0.0-20191230200459-23622cc906b3/go.mod h1:wMEGFFFNuPos7vHmWXfszqImLppbc0wEhh6JBfJIUgw=
github.com/Fraunhofer-AISEC/penlog v0.1.2-0.20200624142937-c5bc9405e8ab h1:QOYZYi5Yl+WuLn78DJX2XVob6XQINmI/tLWTp+fM7lM=
github.com/Fraunhofer-AISEC/penlog v0.1.2-0.20200624142937-c5bc9405e8ab/go.mod h1:HxndffItc5+ku9mvE+gmIEd2Hz1AEetQNy9YrorGpAo=
github.com/coreos/go-systemd/v22 v22.1.0 h1:kq/SbG2BCKLkDKkjQf5OWwKWUKj1lgs3lFI4PxnR5lg=
github.com/coreos/go-systemd/v22 v22.1.0/go.mod h1:xO0FLkIi5MaZafQlIrOotqXZ90ih+1atmu1JpKERPPk=
github.com/davecgh/go-spew v1.1.0 h1:ZDRjVQ15GmhC3fiQ8ni8+OwkZQO4DARzQgrnXU1Liz8=
github.com/davecgh/go-spew v1.1.0/go.mod h1:J7Y8YcW2NihsgmVo/mv3lAwl/skON4iLHjSsI+c5H38=
github.com/davecgh/go-spew v1.1.1/go.mod h1:J7Y8YcW2NihsgmVo/mv3lAwl/skON4iLHjSsI+c5H38=
github.com/godbus/dbus/v5 v5.0.3/go.mod h1:xhWf0FNVPg57R7Z0UbKHbJfkEywrmjJnf7w5xrFpKfA=
github.com/google/gofuzz v1.0.0/go.mod h1:dBl0BpW6vV/+mYPU4Po3pmUjxk6FQPldtuIdl/M65Eg=
github.com/google/gopacket v1.1.17/go.mod h1:UdDNZ1OO62aGYVnPhxT1U6aI7ukYtA/kB8vaU0diBUM=
github.com/google/uuid v1.1.1 h1:Gkbcsh/GbpXz7lPftLA3P6TYMwjCLYm83jiFQZF/3gY=
github.com/google/uuid v1.1.1/go.mod h1:TIyPZe4MgqvfeYDBFedMoGGpEw/LqOeaOT+nhxU+yHo=
github.com/json-iterator/go v1.1.10/go.mod h1:KdQUCv79m/52Kvf8AW2vK1V8akMuk1QjK/uOdHXbAo4=
github.com/klauspost/compress v1.10.8/go.mod h1:aoV0uJVorq1K+umq18yTdKaF57EivdYsUV+/s2qKfXs=
github.com/modern-go/concurrent v0.0.0-20180228061459-e0a39a4cb421/go.mod h1:6dJC0mAP4ikYIbvyc7fijjWJddQyLn8Ig3JB5CqoB9Q=
github.com/modern-go/reflect2 v0.0.0-20180701023420-4b7aa43c6742/go.mod h1:bx2lNnkwVCuqBIxFjflWJWanXIb3RllmbCylyMrvgv0=
github.com/pmezard/go-difflib v1.0.0 h1:4DBwDE0NGyQoBHbLQYPwSUPoCMWR5BEzIk/f1lZbAQM=
github.com/pmezard/go-difflib v1.0.0/go.mod h1:iKH77koFhYxTK1pcRnkKkqfTogsbg7gZNVY4sRDYZ/4=
github.com/spf13/pflag v1.0.5/go.mod h1:McXfInJRrz4CZXVZOBLb0bTZqETkiAhM9Iw0y3An2Bg=
github.com/stretchr/objx v0.1.0/go.mod h1:HFkY916IF+rwdDfMAkV7OtwuqBVzrE8GR6GFx+wExME=
github.com/stretchr/testify v1.3.0 h1:TivCn/peBQ7UY8ooIcPgZFpTNSz0Q2U6UrFlUfqbe0Q=
github.com/stretchr/testify v1.3.0/go.mod h1:M5WIy9Dh21IEIfnGCwXGc5bZfKNJtfHm1UVUgZn+9EI=
golang.org/x/crypto v0.0.0-20190308221718-c2843e01d9a2/go.mod h1:djNgcEr1/C05ACkg1iLfiJU5Ep61QUkGW8qpdssI0+w=
golang.org/x/crypto v0.0.0-20200302210943-78000ba7a073 h1:xMPOj6Pz6UipU1wXLkrtqpHbR0AVFnyPEQq/wRWz9lM=
golang.org/x/crypto v0.0.0-20200302210943-78000ba7a073/go.mod h1:LzIPMQfyMNhhGPhUkYOs5KpL4U8rLKemX1yGLhDgUto=
golang.org/x/crypto v0.0.0-20200420201142-3c4aac89819a h1:y6sBfNd1b9Wy08a6K1Z1DZc4aXABUN5TKjkYhz7UKmo=
golang.org/x/crypto v0.0.0-20200420201142-3c4aac89819a/go.mod h1:LzIPMQfyMNhhGPhUkYOs5KpL4U8rLKemX1yGLhDgUto=
golang.org/x/crypto v0.0.0-20200423211502-4bdfaf469ed5 h1:Q7tZBpemrlsc2I7IyODzhtallWRSm4Q0d09pL6XbQtU=
golang.org/x/crypto v0.0.0-20200423211502-4bdfaf469ed5/go.mod h1:LzIPMQfyMNhhGPhUkYOs5KpL4U8rLKemX1yGLhDgUto=
golang.org/x/crypto v0.0.0-20200622213623-75b288015ac9 h1:psW17arqaxU48Z5kZ0CQnkZWQJsqcURM6tKiBApRjXI=
golang.org/x/crypto v0.0.0-20200622213623-75b288015ac9/go.mod h1:LzIPMQfyMNhhGPhUkYOs5KpL4U8rLKemX1yGLhDgUto=
golang.org/x/net v0.0.0-20190404232315-eb5bcb51f2a3/go.mod h1:t9HGtf8HONx5eT2rtn7q6eTqICYqUVnKs3thJo3Qplg=
golang.org/x/sys v0.0.0-20190215142949-d0b11bdaac8a/go.mod h1:STP8DvDyc/dI5b8T5hshtkjS+E42TnysNCUPdjciGhY=
golang.org/x/sys v0.0.0-20190405154228-4b34438f7a67/go.mod h1:h1NjWce9XRLGQEsW7wpKNCjG9DtNlClVuFLEZdDNbEs=
golang.org/x/sys v0.0.0-20190412213103-97732733099d/go.mod h1:h1NjWce9XRLGQEsW7wpKNCjG9DtNlClVuFLEZdDNbEs=
golang.org/x/sys v0.0.0-20200302150141-5c8b2ff67527 h1:uYVVQ9WP/Ds2ROhcaGPeIdVq0RIXVLwsHlnvJ+cT1So=
golang.org/x/sys v0.0.0-20200302150141-5c8b2ff67527/go.mod h1:h1NjWce9XRLGQEsW7wpKNCjG9DtNlClVuFLEZdDNbEs=
golang.org/x/sys v0.0.0-20200420163511-1957bb5e6d1f h1:gWF768j/LaZugp8dyS4UwsslYCYz9XgFxvlgsn0n9H8=
golang.org/x/sys v0.0.0-20200420163511-1957bb5e6d1f/go.mod h1:h1NjWce9XRLGQEsW7wpKNCjG9DtNlClVuFLEZdDNbEs=
golang.org/x/sys v0.0.0-20200610111108-226ff32320da h1:bGb80FudwxpeucJUjPYJXuJ8Hk91vNtfvrymzwiei38=
golang.org/x/sys v0.0.0-20200610111108-226ff32320da/go.mod h1:h1NjWce9XRLGQEsW7wpKNCjG9DtNlClVuFLEZdDNbEs=
golang.org/x/sys v0.0.0-20200622214017-ed371f2e16b4 h1:5/PjkGUjvEU5Gl6BxmvKRPpqo2uNMv4rcHBMwzk/st8=
golang.org/x/sys v0.0.0-20200622214017-ed371f2e16b4/go.mod h1:h1NjWce9XRLGQEsW7wpKNCjG9DtNlClVuFLEZdDNbEs=
golang.org/x/text v0.3.0/go.mod h1:NqM8EUOU14njkJ3fqMW+pc6Ldnwhi/IjpwHt7yyuwOQ=
